// !$*UTF8*$!
{
	archiveVersion = 1;
	classes = {
	};
	objectVersion = 52;
	objects = {

/* Begin PBXBuildFile section */
		1BB3AC5625D2176400961829 /* Alamofire in Frameworks */ = {isa = PBXBuildFile; productRef = 1BB3AC5525D2176400961829 /* Alamofire */; };
		1BB3AC5D25D2189400961829 /* GlobalState.swift in Sources */ = {isa = PBXBuildFile; fileRef = 1BB3AC5C25D2189400961829 /* GlobalState.swift */; };
		1BB3AC5E25D2189400961829 /* GlobalState.swift in Sources */ = {isa = PBXBuildFile; fileRef = 1BB3AC5C25D2189400961829 /* GlobalState.swift */; };
		1BB3AC5F25D2189400961829 /* GlobalState.swift in Sources */ = {isa = PBXBuildFile; fileRef = 1BB3AC5C25D2189400961829 /* GlobalState.swift */; };
		1BB3AC6025D2189400961829 /* GlobalState.swift in Sources */ = {isa = PBXBuildFile; fileRef = 1BB3AC5C25D2189400961829 /* GlobalState.swift */; };
		1BB3AC6A25D21B7500961829 /* PayWaysApi.swift in Sources */ = {isa = PBXBuildFile; fileRef = 1BB3AC6925D21B7500961829 /* PayWaysApi.swift */; };
		1BB3AC6B25D21B7500961829 /* PayWaysApi.swift in Sources */ = {isa = PBXBuildFile; fileRef = 1BB3AC6925D21B7500961829 /* PayWaysApi.swift */; };
		1BB3AC6C25D21B7500961829 /* PayWaysApi.swift in Sources */ = {isa = PBXBuildFile; fileRef = 1BB3AC6925D21B7500961829 /* PayWaysApi.swift */; };
		1BB3AC6D25D21B7500961829 /* PayWaysApi.swift in Sources */ = {isa = PBXBuildFile; fileRef = 1BB3AC6925D21B7500961829 /* PayWaysApi.swift */; };
		1BB3AC7825D21DA700961829 /* SwiftyJSON in Frameworks */ = {isa = PBXBuildFile; productRef = 1BB3AC7725D21DA700961829 /* SwiftyJSON */; };
		1BB3AC7E25D2289000961829 /* PersistentStorage.swift in Sources */ = {isa = PBXBuildFile; fileRef = 1BB3AC7D25D2289000961829 /* PersistentStorage.swift */; };
		1BB3AC7F25D2289000961829 /* PersistentStorage.swift in Sources */ = {isa = PBXBuildFile; fileRef = 1BB3AC7D25D2289000961829 /* PersistentStorage.swift */; };
		1BB3AC8025D2289000961829 /* PersistentStorage.swift in Sources */ = {isa = PBXBuildFile; fileRef = 1BB3AC7D25D2289000961829 /* PersistentStorage.swift */; };
		1BB3AC8125D2289000961829 /* PersistentStorage.swift in Sources */ = {isa = PBXBuildFile; fileRef = 1BB3AC7D25D2289000961829 /* PersistentStorage.swift */; };
		1BB3AC8B25D2366500961829 /* PayWaysStorage.swift in Sources */ = {isa = PBXBuildFile; fileRef = 1BB3AC8A25D2366500961829 /* PayWaysStorage.swift */; };
		1BB3AC8C25D2366500961829 /* PayWaysStorage.swift in Sources */ = {isa = PBXBuildFile; fileRef = 1BB3AC8A25D2366500961829 /* PayWaysStorage.swift */; };
		1BB3AC8D25D2366500961829 /* PayWaysStorage.swift in Sources */ = {isa = PBXBuildFile; fileRef = 1BB3AC8A25D2366500961829 /* PayWaysStorage.swift */; };
		1BB3AC8E25D2366500961829 /* PayWaysStorage.swift in Sources */ = {isa = PBXBuildFile; fileRef = 1BB3AC8A25D2366500961829 /* PayWaysStorage.swift */; };
		1BB3AC9525D378E000961829 /* Contact.swift in Sources */ = {isa = PBXBuildFile; fileRef = 1BB3AC9425D378E000961829 /* Contact.swift */; };
		1BB3AC9625D378E000961829 /* Contact.swift in Sources */ = {isa = PBXBuildFile; fileRef = 1BB3AC9425D378E000961829 /* Contact.swift */; };
		1BB3AC9725D378E000961829 /* Contact.swift in Sources */ = {isa = PBXBuildFile; fileRef = 1BB3AC9425D378E000961829 /* Contact.swift */; };
		1BB3AC9825D378E000961829 /* Contact.swift in Sources */ = {isa = PBXBuildFile; fileRef = 1BB3AC9425D378E000961829 /* Contact.swift */; };
		1BB3ACA225D378F500961829 /* Group.swift in Sources */ = {isa = PBXBuildFile; fileRef = 1BB3ACA125D378F500961829 /* Group.swift */; };
		1BB3ACA325D378F500961829 /* Group.swift in Sources */ = {isa = PBXBuildFile; fileRef = 1BB3ACA125D378F500961829 /* Group.swift */; };
		1BB3ACA425D378F500961829 /* Group.swift in Sources */ = {isa = PBXBuildFile; fileRef = 1BB3ACA125D378F500961829 /* Group.swift */; };
		1BB3ACA525D378F500961829 /* Group.swift in Sources */ = {isa = PBXBuildFile; fileRef = 1BB3ACA125D378F500961829 /* Group.swift */; };
		1BB3ACAB25D3790500961829 /* JwtToken.swift in Sources */ = {isa = PBXBuildFile; fileRef = 1BB3ACAA25D3790500961829 /* JwtToken.swift */; };
		1BB3ACAC25D3790500961829 /* JwtToken.swift in Sources */ = {isa = PBXBuildFile; fileRef = 1BB3ACAA25D3790500961829 /* JwtToken.swift */; };
		1BB3ACAD25D3790500961829 /* JwtToken.swift in Sources */ = {isa = PBXBuildFile; fileRef = 1BB3ACAA25D3790500961829 /* JwtToken.swift */; };
		1BB3ACAE25D3790500961829 /* JwtToken.swift in Sources */ = {isa = PBXBuildFile; fileRef = 1BB3ACAA25D3790500961829 /* JwtToken.swift */; };
		1BB3ACB425D3992C00961829 /* Item.swift in Sources */ = {isa = PBXBuildFile; fileRef = 1BB3ACB325D3992C00961829 /* Item.swift */; };
		1BB3ACB525D3992C00961829 /* Item.swift in Sources */ = {isa = PBXBuildFile; fileRef = 1BB3ACB325D3992C00961829 /* Item.swift */; };
		1BB3ACB625D3992C00961829 /* Item.swift in Sources */ = {isa = PBXBuildFile; fileRef = 1BB3ACB325D3992C00961829 /* Item.swift */; };
		1BB3ACB725D3992C00961829 /* Item.swift in Sources */ = {isa = PBXBuildFile; fileRef = 1BB3ACB325D3992C00961829 /* Item.swift */; };
		1BB3ACBD25D3A23700961829 /* Future.swift in Sources */ = {isa = PBXBuildFile; fileRef = 1BB3ACBC25D3A23700961829 /* Future.swift */; };
		1BB3ACBE25D3A23700961829 /* Future.swift in Sources */ = {isa = PBXBuildFile; fileRef = 1BB3ACBC25D3A23700961829 /* Future.swift */; };
		1BB3ACBF25D3A23700961829 /* Future.swift in Sources */ = {isa = PBXBuildFile; fileRef = 1BB3ACBC25D3A23700961829 /* Future.swift */; };
		1BB3ACC025D3A23700961829 /* Future.swift in Sources */ = {isa = PBXBuildFile; fileRef = 1BB3ACBC25D3A23700961829 /* Future.swift */; };
		1BB3ACC625D3D62C00961829 /* SignUpView.swift in Sources */ = {isa = PBXBuildFile; fileRef = 1BB3ACC525D3D62C00961829 /* SignUpView.swift */; };
		1BB3ACC725D3D62C00961829 /* SignUpView.swift in Sources */ = {isa = PBXBuildFile; fileRef = 1BB3ACC525D3D62C00961829 /* SignUpView.swift */; };
		1BB3ACC825D3D62C00961829 /* SignUpView.swift in Sources */ = {isa = PBXBuildFile; fileRef = 1BB3ACC525D3D62C00961829 /* SignUpView.swift */; };
		1BB3ACC925D3D62C00961829 /* SignUpView.swift in Sources */ = {isa = PBXBuildFile; fileRef = 1BB3ACC525D3D62C00961829 /* SignUpView.swift */; };
		1BB3ACCF25D3D76800961829 /* FlatTextField.swift in Sources */ = {isa = PBXBuildFile; fileRef = 1BB3ACCE25D3D76800961829 /* FlatTextField.swift */; };
		1BB3ACD025D3D76800961829 /* FlatTextField.swift in Sources */ = {isa = PBXBuildFile; fileRef = 1BB3ACCE25D3D76800961829 /* FlatTextField.swift */; };
		1BB3ACD125D3D76800961829 /* FlatTextField.swift in Sources */ = {isa = PBXBuildFile; fileRef = 1BB3ACCE25D3D76800961829 /* FlatTextField.swift */; };
		1BB3ACD225D3D76800961829 /* FlatTextField.swift in Sources */ = {isa = PBXBuildFile; fileRef = 1BB3ACCE25D3D76800961829 /* FlatTextField.swift */; };
		1BB3ACD825D4172200961829 /* GroupAddView.swift in Sources */ = {isa = PBXBuildFile; fileRef = 1BB3ACD725D4172200961829 /* GroupAddView.swift */; };
		1BB3ACD925D4172300961829 /* GroupAddView.swift in Sources */ = {isa = PBXBuildFile; fileRef = 1BB3ACD725D4172200961829 /* GroupAddView.swift */; };
		1BB3ACDA25D4172300961829 /* GroupAddView.swift in Sources */ = {isa = PBXBuildFile; fileRef = 1BB3ACD725D4172200961829 /* GroupAddView.swift */; };
		1BB3ACDB25D4172300961829 /* GroupAddView.swift in Sources */ = {isa = PBXBuildFile; fileRef = 1BB3ACD725D4172200961829 /* GroupAddView.swift */; };
		1BB3ACF125D4355500961829 /* NavigationStack in Frameworks */ = {isa = PBXBuildFile; productRef = 1BB3ACF025D4355500961829 /* NavigationStack */; };
		1BF29F0325D159F700C04E0A /* Tests_iOS.swift in Sources */ = {isa = PBXBuildFile; fileRef = 1BF29F0225D159F700C04E0A /* Tests_iOS.swift */; };
		1BF29F0E25D159F700C04E0A /* Tests_macOS.swift in Sources */ = {isa = PBXBuildFile; fileRef = 1BF29F0D25D159F700C04E0A /* Tests_macOS.swift */; };
		1BF29F1025D159F700C04E0A /* PayWaysApp.swift in Sources */ = {isa = PBXBuildFile; fileRef = 1BF29EE725D159EC00C04E0A /* PayWaysApp.swift */; };
		1BF29F1125D159F700C04E0A /* PayWaysApp.swift in Sources */ = {isa = PBXBuildFile; fileRef = 1BF29EE725D159EC00C04E0A /* PayWaysApp.swift */; };
		1BF29F1225D159F700C04E0A /* ContentView.swift in Sources */ = {isa = PBXBuildFile; fileRef = 1BF29EE825D159ED00C04E0A /* ContentView.swift */; };
		1BF29F1325D159F700C04E0A /* ContentView.swift in Sources */ = {isa = PBXBuildFile; fileRef = 1BF29EE825D159ED00C04E0A /* ContentView.swift */; };
		1BF29F1425D159F700C04E0A /* Assets.xcassets in Resources */ = {isa = PBXBuildFile; fileRef = 1BF29EE925D159F700C04E0A /* Assets.xcassets */; };
		1BF29F1525D159F700C04E0A /* Assets.xcassets in Resources */ = {isa = PBXBuildFile; fileRef = 1BF29EE925D159F700C04E0A /* Assets.xcassets */; };
		1BF29F2925D15E9600C04E0A /* SignInView.swift in Sources */ = {isa = PBXBuildFile; fileRef = 1BF29F2825D15E9600C04E0A /* SignInView.swift */; };
		1BF29F2A25D15E9600C04E0A /* SignInView.swift in Sources */ = {isa = PBXBuildFile; fileRef = 1BF29F2825D15E9600C04E0A /* SignInView.swift */; };
		1BF29F3025D15F7100C04E0A /* HomeView.swift in Sources */ = {isa = PBXBuildFile; fileRef = 1BF29F2F25D15F7100C04E0A /* HomeView.swift */; };
		1BF29F3125D15F7100C04E0A /* HomeView.swift in Sources */ = {isa = PBXBuildFile; fileRef = 1BF29F2F25D15F7100C04E0A /* HomeView.swift */; };
		1BF29F3725D17FCF00C04E0A /* CircleImageView.swift in Sources */ = {isa = PBXBuildFile; fileRef = 1BF29F3625D17FCF00C04E0A /* CircleImageView.swift */; };
		1BF29F3825D17FD000C04E0A /* CircleImageView.swift in Sources */ = {isa = PBXBuildFile; fileRef = 1BF29F3625D17FCF00C04E0A /* CircleImageView.swift */; };
		1BF29F4925D1928C00C04E0A /* ProductAddView.swift in Sources */ = {isa = PBXBuildFile; fileRef = 1BF29F4825D1928C00C04E0A /* ProductAddView.swift */; };
		1BF29F4A25D1928C00C04E0A /* ProductAddView.swift in Sources */ = {isa = PBXBuildFile; fileRef = 1BF29F4825D1928C00C04E0A /* ProductAddView.swift */; };
/* End PBXBuildFile section */

/* Begin PBXContainerItemProxy section */
		1BF29EFF25D159F700C04E0A /* PBXContainerItemProxy */ = {
			isa = PBXContainerItemProxy;
			containerPortal = 1BF29EE225D159EB00C04E0A /* Project object */;
			proxyType = 1;
			remoteGlobalIDString = 1BF29EED25D159F700C04E0A;
			remoteInfo = "PayWays (iOS)";
		};
		1BF29F0A25D159F700C04E0A /* PBXContainerItemProxy */ = {
			isa = PBXContainerItemProxy;
			containerPortal = 1BF29EE225D159EB00C04E0A /* Project object */;
			proxyType = 1;
			remoteGlobalIDString = 1BF29EF525D159F700C04E0A;
			remoteInfo = "PayWays (macOS)";
		};
/* End PBXContainerItemProxy section */

/* Begin PBXFileReference section */
		1BB3AC5C25D2189400961829 /* GlobalState.swift */ = {isa = PBXFileReference; lastKnownFileType = sourcecode.swift; path = GlobalState.swift; sourceTree = "<group>"; };
		1BB3AC6925D21B7500961829 /* PayWaysApi.swift */ = {isa = PBXFileReference; lastKnownFileType = sourcecode.swift; path = PayWaysApi.swift; sourceTree = "<group>"; };
		1BB3AC7D25D2289000961829 /* PersistentStorage.swift */ = {isa = PBXFileReference; lastKnownFileType = sourcecode.swift; path = PersistentStorage.swift; sourceTree = "<group>"; };
		1BB3AC8A25D2366500961829 /* PayWaysStorage.swift */ = {isa = PBXFileReference; lastKnownFileType = sourcecode.swift; path = PayWaysStorage.swift; sourceTree = "<group>"; };
		1BB3AC9425D378E000961829 /* Contact.swift */ = {isa = PBXFileReference; lastKnownFileType = sourcecode.swift; path = Contact.swift; sourceTree = "<group>"; };
		1BB3ACA125D378F500961829 /* Group.swift */ = {isa = PBXFileReference; lastKnownFileType = sourcecode.swift; path = Group.swift; sourceTree = "<group>"; };
		1BB3ACAA25D3790500961829 /* JwtToken.swift */ = {isa = PBXFileReference; lastKnownFileType = sourcecode.swift; path = JwtToken.swift; sourceTree = "<group>"; };
		1BB3ACB325D3992C00961829 /* Item.swift */ = {isa = PBXFileReference; lastKnownFileType = sourcecode.swift; path = Item.swift; sourceTree = "<group>"; };
		1BB3ACBC25D3A23700961829 /* Future.swift */ = {isa = PBXFileReference; lastKnownFileType = sourcecode.swift; path = Future.swift; sourceTree = "<group>"; };
		1BB3ACC525D3D62C00961829 /* SignUpView.swift */ = {isa = PBXFileReference; lastKnownFileType = sourcecode.swift; path = SignUpView.swift; sourceTree = "<group>"; };
		1BB3ACCE25D3D76800961829 /* FlatTextField.swift */ = {isa = PBXFileReference; lastKnownFileType = sourcecode.swift; path = FlatTextField.swift; sourceTree = "<group>"; };
		1BB3ACD725D4172200961829 /* GroupAddView.swift */ = {isa = PBXFileReference; lastKnownFileType = sourcecode.swift; path = GroupAddView.swift; sourceTree = "<group>"; };
		1BF29EE725D159EC00C04E0A /* PayWaysApp.swift */ = {isa = PBXFileReference; lastKnownFileType = sourcecode.swift; path = PayWaysApp.swift; sourceTree = "<group>"; };
		1BF29EE825D159ED00C04E0A /* ContentView.swift */ = {isa = PBXFileReference; lastKnownFileType = sourcecode.swift; path = ContentView.swift; sourceTree = "<group>"; };
		1BF29EE925D159F700C04E0A /* Assets.xcassets */ = {isa = PBXFileReference; lastKnownFileType = folder.assetcatalog; path = Assets.xcassets; sourceTree = "<group>"; };
		1BF29EEE25D159F700C04E0A /* PayWays.app */ = {isa = PBXFileReference; explicitFileType = wrapper.application; includeInIndex = 0; path = PayWays.app; sourceTree = BUILT_PRODUCTS_DIR; };
		1BF29EF125D159F700C04E0A /* Info.plist */ = {isa = PBXFileReference; lastKnownFileType = text.plist.xml; path = Info.plist; sourceTree = "<group>"; };
		1BF29EF625D159F700C04E0A /* PayWays.app */ = {isa = PBXFileReference; explicitFileType = wrapper.application; includeInIndex = 0; path = PayWays.app; sourceTree = BUILT_PRODUCTS_DIR; };
		1BF29EF825D159F700C04E0A /* Info.plist */ = {isa = PBXFileReference; lastKnownFileType = text.plist.xml; path = Info.plist; sourceTree = "<group>"; };
		1BF29EF925D159F700C04E0A /* macOS.entitlements */ = {isa = PBXFileReference; lastKnownFileType = text.plist.entitlements; path = macOS.entitlements; sourceTree = "<group>"; };
		1BF29EFE25D159F700C04E0A /* Tests iOS.xctest */ = {isa = PBXFileReference; explicitFileType = wrapper.cfbundle; includeInIndex = 0; path = "Tests iOS.xctest"; sourceTree = BUILT_PRODUCTS_DIR; };
		1BF29F0225D159F700C04E0A /* Tests_iOS.swift */ = {isa = PBXFileReference; lastKnownFileType = sourcecode.swift; path = Tests_iOS.swift; sourceTree = "<group>"; };
		1BF29F0425D159F700C04E0A /* Info.plist */ = {isa = PBXFileReference; lastKnownFileType = text.plist.xml; path = Info.plist; sourceTree = "<group>"; };
		1BF29F0925D159F700C04E0A /* Tests macOS.xctest */ = {isa = PBXFileReference; explicitFileType = wrapper.cfbundle; includeInIndex = 0; path = "Tests macOS.xctest"; sourceTree = BUILT_PRODUCTS_DIR; };
		1BF29F0D25D159F700C04E0A /* Tests_macOS.swift */ = {isa = PBXFileReference; lastKnownFileType = sourcecode.swift; path = Tests_macOS.swift; sourceTree = "<group>"; };
		1BF29F0F25D159F700C04E0A /* Info.plist */ = {isa = PBXFileReference; lastKnownFileType = text.plist.xml; path = Info.plist; sourceTree = "<group>"; };
		1BF29F2825D15E9600C04E0A /* SignInView.swift */ = {isa = PBXFileReference; lastKnownFileType = sourcecode.swift; path = SignInView.swift; sourceTree = "<group>"; };
		1BF29F2F25D15F7100C04E0A /* HomeView.swift */ = {isa = PBXFileReference; lastKnownFileType = sourcecode.swift; path = HomeView.swift; sourceTree = "<group>"; };
		1BF29F3625D17FCF00C04E0A /* CircleImageView.swift */ = {isa = PBXFileReference; lastKnownFileType = sourcecode.swift; path = CircleImageView.swift; sourceTree = "<group>"; };
		1BF29F4825D1928C00C04E0A /* ProductAddView.swift */ = {isa = PBXFileReference; lastKnownFileType = sourcecode.swift; path = ProductAddView.swift; sourceTree = "<group>"; };
/* End PBXFileReference section */

/* Begin PBXFrameworksBuildPhase section */
		1BF29EEB25D159F700C04E0A /* Frameworks */ = {
			isa = PBXFrameworksBuildPhase;
			buildActionMask = 2147483647;
			files = (
			);
			runOnlyForDeploymentPostprocessing = 0;
		};
		1BF29EF325D159F700C04E0A /* Frameworks */ = {
			isa = PBXFrameworksBuildPhase;
			buildActionMask = 2147483647;
			files = (
				1BB3AC7825D21DA700961829 /* SwiftyJSON in Frameworks */,
				1BB3ACF125D4355500961829 /* NavigationStack in Frameworks */,
				1BB3AC5625D2176400961829 /* Alamofire in Frameworks */,
			);
			runOnlyForDeploymentPostprocessing = 0;
		};
		1BF29EFB25D159F700C04E0A /* Frameworks */ = {
			isa = PBXFrameworksBuildPhase;
			buildActionMask = 2147483647;
			files = (
			);
			runOnlyForDeploymentPostprocessing = 0;
		};
		1BF29F0625D159F700C04E0A /* Frameworks */ = {
			isa = PBXFrameworksBuildPhase;
			buildActionMask = 2147483647;
			files = (
			);
			runOnlyForDeploymentPostprocessing = 0;
		};
/* End PBXFrameworksBuildPhase section */

/* Begin PBXGroup section */
		1BB3AC5B25D2186D00961829 /* Common */ = {
			isa = PBXGroup;
			children = (
				1BB3AC5C25D2189400961829 /* GlobalState.swift */,
				1BB3AC6925D21B7500961829 /* PayWaysApi.swift */,
				1BB3AC7D25D2289000961829 /* PersistentStorage.swift */,
				1BB3AC8A25D2366500961829 /* PayWaysStorage.swift */,
				1BB3ACBC25D3A23700961829 /* Future.swift */,
			);
			path = Common;
			sourceTree = "<group>";
		};
		1BB3AC9325D378C600961829 /* Models */ = {
			isa = PBXGroup;
			children = (
				1BB3AC9425D378E000961829 /* Contact.swift */,
				1BB3ACA125D378F500961829 /* Group.swift */,
				1BB3ACAA25D3790500961829 /* JwtToken.swift */,
				1BB3ACB325D3992C00961829 /* Item.swift */,
			);
			path = Models;
			sourceTree = "<group>";
		};
		1BF29EE125D159EB00C04E0A = {
			isa = PBXGroup;
			children = (
				1BF29EE625D159EC00C04E0A /* Shared */,
				1BF29EF025D159F700C04E0A /* iOS */,
				1BF29EF725D159F700C04E0A /* macOS */,
				1BF29F0125D159F700C04E0A /* Tests iOS */,
				1BF29F0C25D159F700C04E0A /* Tests macOS */,
				1BF29EEF25D159F700C04E0A /* Products */,
			);
			sourceTree = "<group>";
		};
		1BF29EE625D159EC00C04E0A /* Shared */ = {
			isa = PBXGroup;
			children = (
				1BB3AC9325D378C600961829 /* Models */,
				1BB3AC5B25D2186D00961829 /* Common */,
				1BF29EE725D159EC00C04E0A /* PayWaysApp.swift */,
				1BF29EE825D159ED00C04E0A /* ContentView.swift */,
				1BF29EE925D159F700C04E0A /* Assets.xcassets */,
				1BF29F2825D15E9600C04E0A /* SignInView.swift */,
				1BF29F2F25D15F7100C04E0A /* HomeView.swift */,
				1BF29F3625D17FCF00C04E0A /* CircleImageView.swift */,
				1BF29F4825D1928C00C04E0A /* ProductAddView.swift */,
				1BB3ACC525D3D62C00961829 /* SignUpView.swift */,
				1BB3ACCE25D3D76800961829 /* FlatTextField.swift */,
				1BB3ACD725D4172200961829 /* GroupAddView.swift */,
			);
			path = Shared;
			sourceTree = "<group>";
		};
		1BF29EEF25D159F700C04E0A /* Products */ = {
			isa = PBXGroup;
			children = (
				1BF29EEE25D159F700C04E0A /* PayWays.app */,
				1BF29EF625D159F700C04E0A /* PayWays.app */,
				1BF29EFE25D159F700C04E0A /* Tests iOS.xctest */,
				1BF29F0925D159F700C04E0A /* Tests macOS.xctest */,
			);
			name = Products;
			sourceTree = "<group>";
		};
		1BF29EF025D159F700C04E0A /* iOS */ = {
			isa = PBXGroup;
			children = (
				1BF29EF125D159F700C04E0A /* Info.plist */,
			);
			path = iOS;
			sourceTree = "<group>";
		};
		1BF29EF725D159F700C04E0A /* macOS */ = {
			isa = PBXGroup;
			children = (
				1BF29EF825D159F700C04E0A /* Info.plist */,
				1BF29EF925D159F700C04E0A /* macOS.entitlements */,
			);
			path = macOS;
			sourceTree = "<group>";
		};
		1BF29F0125D159F700C04E0A /* Tests iOS */ = {
			isa = PBXGroup;
			children = (
				1BF29F0225D159F700C04E0A /* Tests_iOS.swift */,
				1BF29F0425D159F700C04E0A /* Info.plist */,
			);
			path = "Tests iOS";
			sourceTree = "<group>";
		};
		1BF29F0C25D159F700C04E0A /* Tests macOS */ = {
			isa = PBXGroup;
			children = (
				1BF29F0D25D159F700C04E0A /* Tests_macOS.swift */,
				1BF29F0F25D159F700C04E0A /* Info.plist */,
			);
			path = "Tests macOS";
			sourceTree = "<group>";
		};
/* End PBXGroup section */

/* Begin PBXNativeTarget section */
		1BF29EED25D159F700C04E0A /* PayWays (iOS) */ = {
			isa = PBXNativeTarget;
			buildConfigurationList = 1BF29F1825D159F700C04E0A /* Build configuration list for PBXNativeTarget "PayWays (iOS)" */;
			buildPhases = (
				1BF29EEA25D159F700C04E0A /* Sources */,
				1BF29EEB25D159F700C04E0A /* Frameworks */,
				1BF29EEC25D159F700C04E0A /* Resources */,
			);
			buildRules = (
			);
			dependencies = (
			);
			name = "PayWays (iOS)";
			productName = "PayWays (iOS)";
			productReference = 1BF29EEE25D159F700C04E0A /* PayWays.app */;
			productType = "com.apple.product-type.application";
		};
		1BF29EF525D159F700C04E0A /* PayWays (macOS) */ = {
			isa = PBXNativeTarget;
			buildConfigurationList = 1BF29F1B25D159F700C04E0A /* Build configuration list for PBXNativeTarget "PayWays (macOS)" */;
			buildPhases = (
				1BF29EF225D159F700C04E0A /* Sources */,
				1BF29EF325D159F700C04E0A /* Frameworks */,
				1BF29EF425D159F700C04E0A /* Resources */,
			);
			buildRules = (
			);
			dependencies = (
			);
			name = "PayWays (macOS)";
			packageProductDependencies = (
				1BB3AC5525D2176400961829 /* Alamofire */,
				1BB3AC7725D21DA700961829 /* SwiftyJSON */,
				1BB3ACF025D4355500961829 /* NavigationStack */,
			);
			productName = "PayWays (macOS)";
			productReference = 1BF29EF625D159F700C04E0A /* PayWays.app */;
			productType = "com.apple.product-type.application";
		};
		1BF29EFD25D159F700C04E0A /* Tests iOS */ = {
			isa = PBXNativeTarget;
			buildConfigurationList = 1BF29F1E25D159F700C04E0A /* Build configuration list for PBXNativeTarget "Tests iOS" */;
			buildPhases = (
				1BF29EFA25D159F700C04E0A /* Sources */,
				1BF29EFB25D159F700C04E0A /* Frameworks */,
				1BF29EFC25D159F700C04E0A /* Resources */,
			);
			buildRules = (
			);
			dependencies = (
				1BF29F0025D159F700C04E0A /* PBXTargetDependency */,
			);
			name = "Tests iOS";
			productName = "Tests iOS";
			productReference = 1BF29EFE25D159F700C04E0A /* Tests iOS.xctest */;
			productType = "com.apple.product-type.bundle.ui-testing";
		};
		1BF29F0825D159F700C04E0A /* Tests macOS */ = {
			isa = PBXNativeTarget;
			buildConfigurationList = 1BF29F2125D159F700C04E0A /* Build configuration list for PBXNativeTarget "Tests macOS" */;
			buildPhases = (
				1BF29F0525D159F700C04E0A /* Sources */,
				1BF29F0625D159F700C04E0A /* Frameworks */,
				1BF29F0725D159F700C04E0A /* Resources */,
			);
			buildRules = (
			);
			dependencies = (
				1BF29F0B25D159F700C04E0A /* PBXTargetDependency */,
			);
			name = "Tests macOS";
			productName = "Tests macOS";
			productReference = 1BF29F0925D159F700C04E0A /* Tests macOS.xctest */;
			productType = "com.apple.product-type.bundle.ui-testing";
		};
/* End PBXNativeTarget section */

/* Begin PBXProject section */
		1BF29EE225D159EB00C04E0A /* Project object */ = {
			isa = PBXProject;
			attributes = {
				LastSwiftUpdateCheck = 1240;
				LastUpgradeCheck = 1240;
				TargetAttributes = {
					1BF29EED25D159F700C04E0A = {
						CreatedOnToolsVersion = 12.4;
					};
					1BF29EF525D159F700C04E0A = {
						CreatedOnToolsVersion = 12.4;
					};
					1BF29EFD25D159F700C04E0A = {
						CreatedOnToolsVersion = 12.4;
						TestTargetID = 1BF29EED25D159F700C04E0A;
					};
					1BF29F0825D159F700C04E0A = {
						CreatedOnToolsVersion = 12.4;
						TestTargetID = 1BF29EF525D159F700C04E0A;
					};
				};
			};
			buildConfigurationList = 1BF29EE525D159EB00C04E0A /* Build configuration list for PBXProject "PayWays" */;
			compatibilityVersion = "Xcode 9.3";
			developmentRegion = en;
			hasScannedForEncodings = 0;
			knownRegions = (
				en,
				Base,
			);
			mainGroup = 1BF29EE125D159EB00C04E0A;
			packageReferences = (
				1BB3AC5425D2176300961829 /* XCRemoteSwiftPackageReference "Alamofire" */,
				1BB3AC7625D21DA700961829 /* XCRemoteSwiftPackageReference "SwiftyJSON" */,
				1BB3ACEF25D4355400961829 /* XCRemoteSwiftPackageReference "swiftui-navigation-stack" */,
			);
			productRefGroup = 1BF29EEF25D159F700C04E0A /* Products */;
			projectDirPath = "";
			projectRoot = "";
			targets = (
				1BF29EED25D159F700C04E0A /* PayWays (iOS) */,
				1BF29EF525D159F700C04E0A /* PayWays (macOS) */,
				1BF29EFD25D159F700C04E0A /* Tests iOS */,
				1BF29F0825D159F700C04E0A /* Tests macOS */,
			);
		};
/* End PBXProject section */

/* Begin PBXResourcesBuildPhase section */
		1BF29EEC25D159F700C04E0A /* Resources */ = {
			isa = PBXResourcesBuildPhase;
			buildActionMask = 2147483647;
			files = (
				1BF29F1425D159F700C04E0A /* Assets.xcassets in Resources */,
			);
			runOnlyForDeploymentPostprocessing = 0;
		};
		1BF29EF425D159F700C04E0A /* Resources */ = {
			isa = PBXResourcesBuildPhase;
			buildActionMask = 2147483647;
			files = (
				1BF29F1525D159F700C04E0A /* Assets.xcassets in Resources */,
			);
			runOnlyForDeploymentPostprocessing = 0;
		};
		1BF29EFC25D159F700C04E0A /* Resources */ = {
			isa = PBXResourcesBuildPhase;
			buildActionMask = 2147483647;
			files = (
			);
			runOnlyForDeploymentPostprocessing = 0;
		};
		1BF29F0725D159F700C04E0A /* Resources */ = {
			isa = PBXResourcesBuildPhase;
			buildActionMask = 2147483647;
			files = (
			);
			runOnlyForDeploymentPostprocessing = 0;
		};
/* End PBXResourcesBuildPhase section */

/* Begin PBXSourcesBuildPhase section */
		1BF29EEA25D159F700C04E0A /* Sources */ = {
			isa = PBXSourcesBuildPhase;
			buildActionMask = 2147483647;
			files = (
				1BB3ACD825D4172200961829 /* GroupAddView.swift in Sources */,
				1BB3AC8B25D2366500961829 /* PayWaysStorage.swift in Sources */,
				1BF29F4925D1928C00C04E0A /* ProductAddView.swift in Sources */,
				1BF29F2925D15E9600C04E0A /* SignInView.swift in Sources */,
				1BB3ACBD25D3A23700961829 /* Future.swift in Sources */,
				1BB3ACCF25D3D76800961829 /* FlatTextField.swift in Sources */,
				1BB3ACA225D378F500961829 /* Group.swift in Sources */,
				1BB3ACB425D3992C00961829 /* Item.swift in Sources */,
				1BF29F3025D15F7100C04E0A /* HomeView.swift in Sources */,
				1BB3AC6A25D21B7500961829 /* PayWaysApi.swift in Sources */,
				1BB3ACAB25D3790500961829 /* JwtToken.swift in Sources */,
				1BF29F1225D159F700C04E0A /* ContentView.swift in Sources */,
				1BB3AC9525D378E000961829 /* Contact.swift in Sources */,
				1BF29F3725D17FCF00C04E0A /* CircleImageView.swift in Sources */,
				1BB3ACC625D3D62C00961829 /* SignUpView.swift in Sources */,
				1BB3AC7E25D2289000961829 /* PersistentStorage.swift in Sources */,
				1BB3AC5D25D2189400961829 /* GlobalState.swift in Sources */,
				1BF29F1025D159F700C04E0A /* PayWaysApp.swift in Sources */,
			);
			runOnlyForDeploymentPostprocessing = 0;
		};
		1BF29EF225D159F700C04E0A /* Sources */ = {
			isa = PBXSourcesBuildPhase;
			buildActionMask = 2147483647;
			files = (
				1BB3ACD925D4172300961829 /* GroupAddView.swift in Sources */,
				1BB3AC8C25D2366500961829 /* PayWaysStorage.swift in Sources */,
				1BF29F4A25D1928C00C04E0A /* ProductAddView.swift in Sources */,
				1BF29F2A25D15E9600C04E0A /* SignInView.swift in Sources */,
				1BB3ACBE25D3A23700961829 /* Future.swift in Sources */,
				1BB3ACD025D3D76800961829 /* FlatTextField.swift in Sources */,
				1BB3ACA325D378F500961829 /* Group.swift in Sources */,
				1BB3ACB525D3992C00961829 /* Item.swift in Sources */,
				1BF29F3125D15F7100C04E0A /* HomeView.swift in Sources */,
				1BB3AC6B25D21B7500961829 /* PayWaysApi.swift in Sources */,
				1BB3ACAC25D3790500961829 /* JwtToken.swift in Sources */,
				1BF29F1325D159F700C04E0A /* ContentView.swift in Sources */,
				1BB3AC9625D378E000961829 /* Contact.swift in Sources */,
				1BF29F3825D17FD000C04E0A /* CircleImageView.swift in Sources */,
				1BB3ACC725D3D62C00961829 /* SignUpView.swift in Sources */,
				1BB3AC7F25D2289000961829 /* PersistentStorage.swift in Sources */,
				1BB3AC5E25D2189400961829 /* GlobalState.swift in Sources */,
				1BF29F1125D159F700C04E0A /* PayWaysApp.swift in Sources */,
			);
			runOnlyForDeploymentPostprocessing = 0;
		};
		1BF29EFA25D159F700C04E0A /* Sources */ = {
			isa = PBXSourcesBuildPhase;
			buildActionMask = 2147483647;
			files = (
				1BB3ACA425D378F500961829 /* Group.swift in Sources */,
				1BB3ACB625D3992C00961829 /* Item.swift in Sources */,
				1BB3AC9725D378E000961829 /* Contact.swift in Sources */,
				1BB3AC8D25D2366500961829 /* PayWaysStorage.swift in Sources */,
				1BB3AC5F25D2189400961829 /* GlobalState.swift in Sources */,
				1BB3ACC825D3D62C00961829 /* SignUpView.swift in Sources */,
				1BB3ACD125D3D76800961829 /* FlatTextField.swift in Sources */,
				1BB3AC6C25D21B7500961829 /* PayWaysApi.swift in Sources */,
				1BF29F0325D159F700C04E0A /* Tests_iOS.swift in Sources */,
				1BB3ACDA25D4172300961829 /* GroupAddView.swift in Sources */,
				1BB3AC8025D2289000961829 /* PersistentStorage.swift in Sources */,
				1BB3ACBF25D3A23700961829 /* Future.swift in Sources */,
				1BB3ACAD25D3790500961829 /* JwtToken.swift in Sources */,
			);
			runOnlyForDeploymentPostprocessing = 0;
		};
		1BF29F0525D159F700C04E0A /* Sources */ = {
			isa = PBXSourcesBuildPhase;
			buildActionMask = 2147483647;
			files = (
				1BB3ACA525D378F500961829 /* Group.swift in Sources */,
				1BB3ACB725D3992C00961829 /* Item.swift in Sources */,
				1BB3AC9825D378E000961829 /* Contact.swift in Sources */,
				1BB3AC8E25D2366500961829 /* PayWaysStorage.swift in Sources */,
				1BB3AC6025D2189400961829 /* GlobalState.swift in Sources */,
				1BB3ACC925D3D62C00961829 /* SignUpView.swift in Sources */,
				1BB3ACD225D3D76800961829 /* FlatTextField.swift in Sources */,
				1BB3AC6D25D21B7500961829 /* PayWaysApi.swift in Sources */,
				1BF29F0E25D159F700C04E0A /* Tests_macOS.swift in Sources */,
				1BB3ACDB25D4172300961829 /* GroupAddView.swift in Sources */,
				1BB3AC8125D2289000961829 /* PersistentStorage.swift in Sources */,
				1BB3ACC025D3A23700961829 /* Future.swift in Sources */,
				1BB3ACAE25D3790500961829 /* JwtToken.swift in Sources */,
			);
			runOnlyForDeploymentPostprocessing = 0;
		};
/* End PBXSourcesBuildPhase section */

/* Begin PBXTargetDependency section */
		1BF29F0025D159F700C04E0A /* PBXTargetDependency */ = {
			isa = PBXTargetDependency;
			target = 1BF29EED25D159F700C04E0A /* PayWays (iOS) */;
			targetProxy = 1BF29EFF25D159F700C04E0A /* PBXContainerItemProxy */;
		};
		1BF29F0B25D159F700C04E0A /* PBXTargetDependency */ = {
			isa = PBXTargetDependency;
			target = 1BF29EF525D159F700C04E0A /* PayWays (macOS) */;
			targetProxy = 1BF29F0A25D159F700C04E0A /* PBXContainerItemProxy */;
		};
/* End PBXTargetDependency section */

/* Begin XCBuildConfiguration section */
		1BF29F1625D159F700C04E0A /* Debug */ = {
			isa = XCBuildConfiguration;
			buildSettings = {
				ALWAYS_SEARCH_USER_PATHS = NO;
				CLANG_ANALYZER_NONNULL = YES;
				CLANG_ANALYZER_NUMBER_OBJECT_CONVERSION = YES_AGGRESSIVE;
				CLANG_CXX_LANGUAGE_STANDARD = "gnu++14";
				CLANG_CXX_LIBRARY = "libc++";
				CLANG_ENABLE_MODULES = YES;
				CLANG_ENABLE_OBJC_ARC = YES;
				CLANG_ENABLE_OBJC_WEAK = YES;
				CLANG_WARN_BLOCK_CAPTURE_AUTORELEASING = YES;
				CLANG_WARN_BOOL_CONVERSION = YES;
				CLANG_WARN_COMMA = YES;
				CLANG_WARN_CONSTANT_CONVERSION = YES;
				CLANG_WARN_DEPRECATED_OBJC_IMPLEMENTATIONS = YES;
				CLANG_WARN_DIRECT_OBJC_ISA_USAGE = YES_ERROR;
				CLANG_WARN_DOCUMENTATION_COMMENTS = YES;
				CLANG_WARN_EMPTY_BODY = YES;
				CLANG_WARN_ENUM_CONVERSION = YES;
				CLANG_WARN_INFINITE_RECURSION = YES;
				CLANG_WARN_INT_CONVERSION = YES;
				CLANG_WARN_NON_LITERAL_NULL_CONVERSION = YES;
				CLANG_WARN_OBJC_IMPLICIT_RETAIN_SELF = YES;
				CLANG_WARN_OBJC_LITERAL_CONVERSION = YES;
				CLANG_WARN_OBJC_ROOT_CLASS = YES_ERROR;
				CLANG_WARN_QUOTED_INCLUDE_IN_FRAMEWORK_HEADER = YES;
				CLANG_WARN_RANGE_LOOP_ANALYSIS = YES;
				CLANG_WARN_STRICT_PROTOTYPES = YES;
				CLANG_WARN_SUSPICIOUS_MOVE = YES;
				CLANG_WARN_UNGUARDED_AVAILABILITY = YES_AGGRESSIVE;
				CLANG_WARN_UNREACHABLE_CODE = YES;
				CLANG_WARN__DUPLICATE_METHOD_MATCH = YES;
				COPY_PHASE_STRIP = NO;
				DEBUG_INFORMATION_FORMAT = dwarf;
				ENABLE_STRICT_OBJC_MSGSEND = YES;
				ENABLE_TESTABILITY = YES;
				GCC_C_LANGUAGE_STANDARD = gnu11;
				GCC_DYNAMIC_NO_PIC = NO;
				GCC_NO_COMMON_BLOCKS = YES;
				GCC_OPTIMIZATION_LEVEL = 0;
				GCC_PREPROCESSOR_DEFINITIONS = (
					"DEBUG=1",
					"$(inherited)",
				);
				GCC_WARN_64_TO_32_BIT_CONVERSION = YES;
				GCC_WARN_ABOUT_RETURN_TYPE = YES_ERROR;
				GCC_WARN_UNDECLARED_SELECTOR = YES;
				GCC_WARN_UNINITIALIZED_AUTOS = YES_AGGRESSIVE;
				GCC_WARN_UNUSED_FUNCTION = YES;
				GCC_WARN_UNUSED_VARIABLE = YES;
				MTL_ENABLE_DEBUG_INFO = INCLUDE_SOURCE;
				MTL_FAST_MATH = YES;
				ONLY_ACTIVE_ARCH = YES;
				SWIFT_ACTIVE_COMPILATION_CONDITIONS = DEBUG;
				SWIFT_OPTIMIZATION_LEVEL = "-Onone";
			};
			name = Debug;
		};
		1BF29F1725D159F700C04E0A /* Release */ = {
			isa = XCBuildConfiguration;
			buildSettings = {
				ALWAYS_SEARCH_USER_PATHS = NO;
				CLANG_ANALYZER_NONNULL = YES;
				CLANG_ANALYZER_NUMBER_OBJECT_CONVERSION = YES_AGGRESSIVE;
				CLANG_CXX_LANGUAGE_STANDARD = "gnu++14";
				CLANG_CXX_LIBRARY = "libc++";
				CLANG_ENABLE_MODULES = YES;
				CLANG_ENABLE_OBJC_ARC = YES;
				CLANG_ENABLE_OBJC_WEAK = YES;
				CLANG_WARN_BLOCK_CAPTURE_AUTORELEASING = YES;
				CLANG_WARN_BOOL_CONVERSION = YES;
				CLANG_WARN_COMMA = YES;
				CLANG_WARN_CONSTANT_CONVERSION = YES;
				CLANG_WARN_DEPRECATED_OBJC_IMPLEMENTATIONS = YES;
				CLANG_WARN_DIRECT_OBJC_ISA_USAGE = YES_ERROR;
				CLANG_WARN_DOCUMENTATION_COMMENTS = YES;
				CLANG_WARN_EMPTY_BODY = YES;
				CLANG_WARN_ENUM_CONVERSION = YES;
				CLANG_WARN_INFINITE_RECURSION = YES;
				CLANG_WARN_INT_CONVERSION = YES;
				CLANG_WARN_NON_LITERAL_NULL_CONVERSION = YES;
				CLANG_WARN_OBJC_IMPLICIT_RETAIN_SELF = YES;
				CLANG_WARN_OBJC_LITERAL_CONVERSION = YES;
				CLANG_WARN_OBJC_ROOT_CLASS = YES_ERROR;
				CLANG_WARN_QUOTED_INCLUDE_IN_FRAMEWORK_HEADER = YES;
				CLANG_WARN_RANGE_LOOP_ANALYSIS = YES;
				CLANG_WARN_STRICT_PROTOTYPES = YES;
				CLANG_WARN_SUSPICIOUS_MOVE = YES;
				CLANG_WARN_UNGUARDED_AVAILABILITY = YES_AGGRESSIVE;
				CLANG_WARN_UNREACHABLE_CODE = YES;
				CLANG_WARN__DUPLICATE_METHOD_MATCH = YES;
				COPY_PHASE_STRIP = NO;
				DEBUG_INFORMATION_FORMAT = "dwarf-with-dsym";
				ENABLE_NS_ASSERTIONS = NO;
				ENABLE_STRICT_OBJC_MSGSEND = YES;
				GCC_C_LANGUAGE_STANDARD = gnu11;
				GCC_NO_COMMON_BLOCKS = YES;
				GCC_WARN_64_TO_32_BIT_CONVERSION = YES;
				GCC_WARN_ABOUT_RETURN_TYPE = YES_ERROR;
				GCC_WARN_UNDECLARED_SELECTOR = YES;
				GCC_WARN_UNINITIALIZED_AUTOS = YES_AGGRESSIVE;
				GCC_WARN_UNUSED_FUNCTION = YES;
				GCC_WARN_UNUSED_VARIABLE = YES;
				MTL_ENABLE_DEBUG_INFO = NO;
				MTL_FAST_MATH = YES;
				SWIFT_COMPILATION_MODE = wholemodule;
				SWIFT_OPTIMIZATION_LEVEL = "-O";
			};
			name = Release;
		};
		1BF29F1925D159F700C04E0A /* Debug */ = {
			isa = XCBuildConfiguration;
			buildSettings = {
				ASSETCATALOG_COMPILER_APPICON_NAME = AppIcon;
				ASSETCATALOG_COMPILER_GLOBAL_ACCENT_COLOR_NAME = AccentColor;
				CODE_SIGN_STYLE = Automatic;
				ENABLE_PREVIEWS = YES;
				INFOPLIST_FILE = iOS/Info.plist;
				IPHONEOS_DEPLOYMENT_TARGET = 14.0;
				LD_RUNPATH_SEARCH_PATHS = (
					"$(inherited)",
					"@executable_path/Frameworks",
				);
				PRODUCT_BUNDLE_IDENTIFIER = com.payways.PayWays;
				PRODUCT_NAME = PayWays;
				SDKROOT = iphoneos;
				SWIFT_VERSION = 5.0;
				TARGETED_DEVICE_FAMILY = "1,2";
			};
			name = Debug;
		};
		1BF29F1A25D159F700C04E0A /* Release */ = {
			isa = XCBuildConfiguration;
			buildSettings = {
				ASSETCATALOG_COMPILER_APPICON_NAME = AppIcon;
				ASSETCATALOG_COMPILER_GLOBAL_ACCENT_COLOR_NAME = AccentColor;
				CODE_SIGN_STYLE = Automatic;
				ENABLE_PREVIEWS = YES;
				INFOPLIST_FILE = iOS/Info.plist;
				IPHONEOS_DEPLOYMENT_TARGET = 14.0;
				LD_RUNPATH_SEARCH_PATHS = (
					"$(inherited)",
					"@executable_path/Frameworks",
				);
				PRODUCT_BUNDLE_IDENTIFIER = com.payways.PayWays;
				PRODUCT_NAME = PayWays;
				SDKROOT = iphoneos;
				SWIFT_VERSION = 5.0;
				TARGETED_DEVICE_FAMILY = "1,2";
				VALIDATE_PRODUCT = YES;
			};
			name = Release;
		};
		1BF29F1C25D159F700C04E0A /* Debug */ = {
			isa = XCBuildConfiguration;
			buildSettings = {
				ASSETCATALOG_COMPILER_APPICON_NAME = AppIcon;
				ASSETCATALOG_COMPILER_GLOBAL_ACCENT_COLOR_NAME = AccentColor;
				CODE_SIGN_ENTITLEMENTS = macOS/macOS.entitlements;
				CODE_SIGN_STYLE = Automatic;
				COMBINE_HIDPI_IMAGES = YES;
				ENABLE_PREVIEWS = YES;
				INFOPLIST_FILE = macOS/Info.plist;
				LD_RUNPATH_SEARCH_PATHS = (
					"$(inherited)",
					"@executable_path/../Frameworks",
				);
				MACOSX_DEPLOYMENT_TARGET = 11.0;
				PRODUCT_BUNDLE_IDENTIFIER = com.payways.PayWays;
				PRODUCT_NAME = PayWays;
				SDKROOT = macosx;
				SWIFT_VERSION = 5.0;
			};
			name = Debug;
		};
		1BF29F1D25D159F700C04E0A /* Release */ = {
			isa = XCBuildConfiguration;
			buildSettings = {
				ASSETCATALOG_COMPILER_APPICON_NAME = AppIcon;
				ASSETCATALOG_COMPILER_GLOBAL_ACCENT_COLOR_NAME = AccentColor;
				CODE_SIGN_ENTITLEMENTS = macOS/macOS.entitlements;
				CODE_SIGN_STYLE = Automatic;
				COMBINE_HIDPI_IMAGES = YES;
				ENABLE_PREVIEWS = YES;
				INFOPLIST_FILE = macOS/Info.plist;
				LD_RUNPATH_SEARCH_PATHS = (
					"$(inherited)",
					"@executable_path/../Frameworks",
				);
				MACOSX_DEPLOYMENT_TARGET = 11.0;
				PRODUCT_BUNDLE_IDENTIFIER = com.payways.PayWays;
				PRODUCT_NAME = PayWays;
				SDKROOT = macosx;
				SWIFT_VERSION = 5.0;
			};
			name = Release;
		};
		1BF29F1F25D159F700C04E0A /* Debug */ = {
			isa = XCBuildConfiguration;
			buildSettings = {
				ALWAYS_EMBED_SWIFT_STANDARD_LIBRARIES = YES;
				CODE_SIGN_STYLE = Automatic;
				INFOPLIST_FILE = "Tests iOS/Info.plist";
				IPHONEOS_DEPLOYMENT_TARGET = 14.4;
				LD_RUNPATH_SEARCH_PATHS = (
					"$(inherited)",
					"@executable_path/Frameworks",
					"@loader_path/Frameworks",
				);
				PRODUCT_BUNDLE_IDENTIFIER = "com.payways.Tests-iOS";
				PRODUCT_NAME = "$(TARGET_NAME)";
				SDKROOT = iphoneos;
				SWIFT_VERSION = 5.0;
				TARGETED_DEVICE_FAMILY = "1,2";
				TEST_TARGET_NAME = "PayWays (iOS)";
			};
			name = Debug;
		};
		1BF29F2025D159F700C04E0A /* Release */ = {
			isa = XCBuildConfiguration;
			buildSettings = {
				ALWAYS_EMBED_SWIFT_STANDARD_LIBRARIES = YES;
				CODE_SIGN_STYLE = Automatic;
				INFOPLIST_FILE = "Tests iOS/Info.plist";
				IPHONEOS_DEPLOYMENT_TARGET = 14.4;
				LD_RUNPATH_SEARCH_PATHS = (
					"$(inherited)",
					"@executable_path/Frameworks",
					"@loader_path/Frameworks",
				);
				PRODUCT_BUNDLE_IDENTIFIER = "com.payways.Tests-iOS";
				PRODUCT_NAME = "$(TARGET_NAME)";
				SDKROOT = iphoneos;
				SWIFT_VERSION = 5.0;
				TARGETED_DEVICE_FAMILY = "1,2";
				TEST_TARGET_NAME = "PayWays (iOS)";
				VALIDATE_PRODUCT = YES;
			};
			name = Release;
		};
		1BF29F2225D159F700C04E0A /* Debug */ = {
			isa = XCBuildConfiguration;
			buildSettings = {
				ALWAYS_EMBED_SWIFT_STANDARD_LIBRARIES = YES;
				CODE_SIGN_STYLE = Automatic;
				COMBINE_HIDPI_IMAGES = YES;
				INFOPLIST_FILE = "Tests macOS/Info.plist";
				LD_RUNPATH_SEARCH_PATHS = (
					"$(inherited)",
					"@executable_path/../Frameworks",
					"@loader_path/../Frameworks",
				);
				MACOSX_DEPLOYMENT_TARGET = 11.1;
				PRODUCT_BUNDLE_IDENTIFIER = "com.payways.Tests-macOS";
				PRODUCT_NAME = "$(TARGET_NAME)";
				SDKROOT = macosx;
				SWIFT_VERSION = 5.0;
				TEST_TARGET_NAME = "PayWays (macOS)";
			};
			name = Debug;
		};
		1BF29F2325D159F700C04E0A /* Release */ = {
			isa = XCBuildConfiguration;
			buildSettings = {
				ALWAYS_EMBED_SWIFT_STANDARD_LIBRARIES = YES;
				CODE_SIGN_STYLE = Automatic;
				COMBINE_HIDPI_IMAGES = YES;
				INFOPLIST_FILE = "Tests macOS/Info.plist";
				LD_RUNPATH_SEARCH_PATHS = (
					"$(inherited)",
					"@executable_path/../Frameworks",
					"@loader_path/../Frameworks",
				);
				MACOSX_DEPLOYMENT_TARGET = 11.1;
				PRODUCT_BUNDLE_IDENTIFIER = "com.payways.Tests-macOS";
				PRODUCT_NAME = "$(TARGET_NAME)";
				SDKROOT = macosx;
				SWIFT_VERSION = 5.0;
				TEST_TARGET_NAME = "PayWays (macOS)";
			};
			name = Release;
		};
/* End XCBuildConfiguration section */

/* Begin XCConfigurationList section */
		1BF29EE525D159EB00C04E0A /* Build configuration list for PBXProject "PayWays" */ = {
			isa = XCConfigurationList;
			buildConfigurations = (
				1BF29F1625D159F700C04E0A /* Debug */,
				1BF29F1725D159F700C04E0A /* Release */,
			);
			defaultConfigurationIsVisible = 0;
			defaultConfigurationName = Release;
		};
		1BF29F1825D159F700C04E0A /* Build configuration list for PBXNativeTarget "PayWays (iOS)" */ = {
			isa = XCConfigurationList;
			buildConfigurations = (
				1BF29F1925D159F700C04E0A /* Debug */,
				1BF29F1A25D159F700C04E0A /* Release */,
			);
			defaultConfigurationIsVisible = 0;
			defaultConfigurationName = Release;
		};
		1BF29F1B25D159F700C04E0A /* Build configuration list for PBXNativeTarget "PayWays (macOS)" */ = {
			isa = XCConfigurationList;
			buildConfigurations = (
				1BF29F1C25D159F700C04E0A /* Debug */,
				1BF29F1D25D159F700C04E0A /* Release */,
			);
			defaultConfigurationIsVisible = 0;
			defaultConfigurationName = Release;
		};
		1BF29F1E25D159F700C04E0A /* Build configuration list for PBXNativeTarget "Tests iOS" */ = {
			isa = XCConfigurationList;
			buildConfigurations = (
				1BF29F1F25D159F700C04E0A /* Debug */,
				1BF29F2025D159F700C04E0A /* Release */,
			);
			defaultConfigurationIsVisible = 0;
			defaultConfigurationName = Release;
		};
		1BF29F2125D159F700C04E0A /* Build configuration list for PBXNativeTarget "Tests macOS" */ = {
			isa = XCConfigurationList;
			buildConfigurations = (
				1BF29F2225D159F700C04E0A /* Debug */,
				1BF29F2325D159F700C04E0A /* Release */,
			);
			defaultConfigurationIsVisible = 0;
			defaultConfigurationName = Release;
		};
/* End XCConfigurationList section */

/* Begin XCRemoteSwiftPackageReference section */
		1BB3AC5425D2176300961829 /* XCRemoteSwiftPackageReference "Alamofire" */ = {
			isa = XCRemoteSwiftPackageReference;
			repositoryURL = "https://github.com/Alamofire/Alamofire.git";
			requirement = {
				kind = upToNextMajorVersion;
				minimumVersion = 5.4.1;
			};
		};
		1BB3AC7625D21DA700961829 /* XCRemoteSwiftPackageReference "SwiftyJSON" */ = {
			isa = XCRemoteSwiftPackageReference;
			repositoryURL = "https://github.com/SwiftyJSON/SwiftyJSON.git";
			requirement = {
				kind = upToNextMajorVersion;
				minimumVersion = 5.0.0;
			};
		};
		1BB3ACEF25D4355400961829 /* XCRemoteSwiftPackageReference "swiftui-navigation-stack" */ = {
			isa = XCRemoteSwiftPackageReference;
			repositoryURL = "https://github.com/matteopuc/swiftui-navigation-stack.git";
			requirement = {
				kind = upToNextMajorVersion;
				minimumVersion = 1.0.2;
			};
		};
/* End XCRemoteSwiftPackageReference section */

/* Begin XCSwiftPackageProductDependency section */
		1BB3AC5525D2176400961829 /* Alamofire */ = {
			isa = XCSwiftPackageProductDependency;
			package = 1BB3AC5425D2176300961829 /* XCRemoteSwiftPackageReference "Alamofire" */;
			productName = Alamofire;
		};
		1BB3AC7725D21DA700961829 /* SwiftyJSON */ = {
			isa = XCSwiftPackageProductDependency;
			package = 1BB3AC7625D21DA700961829 /* XCRemoteSwiftPackageReference "SwiftyJSON" */;
			productName = SwiftyJSON;
		};
		1BB3ACF025D4355500961829 /* NavigationStack */ = {
			isa = XCSwiftPackageProductDependency;
			package = 1BB3ACEF25D4355400961829 /* XCRemoteSwiftPackageReference "swiftui-navigation-stack" */;
			productName = NavigationStack;
		};
/* End XCSwiftPackageProductDependency section */
	};
	rootObject = 1BF29EE225D159EB00C04E0A /* Project object */;
}
